
Microsoft Visual Studio Solution File, Format Version 12.00
# Visual Studio Version 17
VisualStudioVersion = 17.6.33815.320
MinimumVisualStudioVersion = 10.0.40219.1
Project("{9A19103F-16F7-4668-BE54-9A1E7A4F7556}") = "API", "API\API.csproj", "{90D81FF7-74F4-44D5-A844-3F677C2FCCFA}"
EndProject
Project("{FAE04EC0-301F-11D3-BF4B-00C04F79EFBC}") = "Client", "Client\Client.csproj", "{EE652679-64E4-4C6F-B4AE-B1A08FF72B98}"
EndProject
Global
	GlobalSection(SolutionConfigurationPlatforms) = preSolution
		Debug|Any CPU = Debug|Any CPU
		Release|Any CPU = Release|Any CPU
	EndGlobalSection
	GlobalSection(ProjectConfigurationPlatforms) = postSolution
		{90D81FF7-74F4-44D5-A844-3F677C2FCCFA}.Debug|Any CPU.ActiveCfg = Debug|Any CPU
		{90D81FF7-74F4-44D5-A844-3F677C2FCCFA}.Debug|Any CPU.Build.0 = Debug|Any CPU
		{90D81FF7-74F4-44D5-A844-3F677C2FCCFA}.Release|Any CPU.ActiveCfg = Release|Any CPU
		{90D81FF7-74F4-44D5-A844-3F677C2FCCFA}.Release|Any CPU.Build.0 = Release|Any CPU
		{EE652679-64E4-4C6F-B4AE-B1A08FF72B98}.Debug|Any CPU.ActiveCfg = Debug|Any CPU
		{EE652679-64E4-4C6F-B4AE-B1A08FF72B98}.Debug|Any CPU.Build.0 = Debug|Any CPU
		{EE652679-64E4-4C6F-B4AE-B1A08FF72B98}.Release|Any CPU.ActiveCfg = Release|Any CPU
		{EE652679-64E4-4C6F-B4AE-B1A08FF72B98}.Release|Any CPU.Build.0 = Release|Any CPU
	EndGlobalSection
	GlobalSection(SolutionProperties) = preSolution
		HideSolutionNode = FALSE
	EndGlobalSection
	GlobalSection(ExtensibilityGlobals) = postSolution
		SolutionGuid = {5BB9FDC6-2A9D-419D-B6E2-FA61DDAB90E1}
	EndGlobalSection
EndGlobal
